{
  "version": "5",
  "remote": {
    "https://edge.netlify.com/": "fd941d61d88673d5f28aab283fb86fcc50f08a3bc80ee5470498fcfa88c65cfb",
    "https://edge.netlify.com/bootstrap/config.ts": "6a2ce0e544e15e8f8883a5c18da5948e37fd0f2619f68cb31f3af53c51817025",
    "https://edge.netlify.com/bootstrap/context.ts": "72496497b40d9e808f419efc764ecb438952a32f61ed94cd54952fc59f17f69d",
    "https://edge.netlify.com/bootstrap/cookie.ts": "8b0baae708989ca183c6f3b4ab3d029e6abcbc2e43f93edeb0ff447b3bbc3a05",
    "https://edge.netlify.com/bootstrap/edge_function.ts": "b8253e86aa83c67341f5cfedeba5049d77fbf84dcab7eceff7566b7728ae9b39",
    "https://edge.netlify.com/bootstrap/globals/types.ts": "eaa6148ded3121d8dee62dd91c86e7fe76601df0f3ca8d7962243a30f4c8935f"
  },
  "workspace": {
    "packageJson": {
      "dependencies": [
        "npm:@emailjs/browser@^3.11.0",
        "npm:@react-three/drei@^9.66.1",
        "npm:@react-three/fiber@^8.13.0",
        "npm:@types/react-dom@^18.0.11",
        "npm:@types/react@^18.0.28",
        "npm:@vitejs/plugin-react@4",
        "npm:autoprefixer@^10.4.14",
        "npm:eslint-plugin-react-hooks@^4.6.0",
        "npm:eslint-plugin-react-refresh@~0.3.4",
        "npm:eslint-plugin-react@^7.32.2",
        "npm:eslint@^8.38.0",
        "npm:framer-motion@^10.12.5",
        "npm:gh-pages@^6.3.0",
        "npm:maath@~0.5.3",
        "npm:node-fetch@^3.3.2",
        "npm:postcss@^8.4.23",
        "npm:react-dom@^18.2.0",
        "npm:react-router-dom@^6.11.0",
        "npm:react-tilt@^1.0.2",
        "npm:react-vertical-timeline-component@^3.6.0",
        "npm:react@^18.2.0",
        "npm:tailwindcss@^3.3.2",
        "npm:three@~0.152.2",
        "npm:use@^3.1.1",
        "npm:vite@^4.3.2"
      ]
    }
  }
}
